
Microsoft Visual Studio Solution File, Format Version 12.00
# Visual Studio Version 16
VisualStudioVersion = 16.0.31205.134
MinimumVisualStudioVersion = 10.0.40219.1
Project("{FAE04EC0-301F-11D3-BF4B-00C04F79EFBC}") = "FyndSyncNFM", "FyndSyncNFM\FyndSyncNFM.csproj", "{D90B69EA-18ED-47F5-9900-EB0D86F24997}"
EndProject
Global
	GlobalSection(SolutionConfigurationPlatforms) = preSolution
		Debug|Any CPU = Debug|Any CPU
		Release|Any CPU = Release|Any CPU
	EndGlobalSection
	GlobalSection(ProjectConfigurationPlatforms) = postSolution
		{D90B69EA-18ED-47F5-9900-EB0D86F24997}.Debug|Any CPU.ActiveCfg = Debug|Any CPU
		{D90B69EA-18ED-47F5-9900-EB0D86F24997}.Debug|Any CPU.Build.0 = Debug|Any CPU
		{D90B69EA-18ED-47F5-9900-EB0D86F24997}.Release|Any CPU.ActiveCfg = Release|Any CPU
		{D90B69EA-18ED-47F5-9900-EB0D86F24997}.Release|Any CPU.Build.0 = Release|Any CPU
	EndGlobalSection
	GlobalSection(SolutionProperties) = preSolution
		HideSolutionNode = FALSE
	EndGlobalSection
	GlobalSection(ExtensibilityGlobals) = postSolution
		SolutionGuid = {BD40C437-52EC-4218-BF96-B6C131C5B665}
	EndGlobalSection
EndGlobal
